
Microsoft Visual Studio Solution File, Format Version 12.00
# Visual Studio 15
VisualStudioVersion = 15.0.26124.0
MinimumVisualStudioVersion = 15.0.26124.0
Project("{FAE04EC0-301F-11D3-BF4B-00C04F79EFBC}") = "Taskly.Comments.WebApi", "Taskly.Comments.WebApi\Taskly.Comments.WebApi.csproj", "{CCF23932-124E-433E-8B57-B2423CDA21A2}"
EndProject
Project("{FAE04EC0-301F-11D3-BF4B-00C04F79EFBC}") = "Taskly.Comments.Application", "Taskly.Comments.Application\Taskly.Comments.Application.csproj", "{88C40865-8049-4C00-9809-9D4CA2FCB86B}"
EndProject
Project("{FAE04EC0-301F-11D3-BF4B-00C04F79EFBC}") = "Taskly.Comments.Model", "Taskly.Comments.Model\Taskly.Comments.Model.csproj", "{04E7D2EA-E279-411C-A03D-6B773C086019}"
EndProject
Project("{FAE04EC0-301F-11D3-BF4B-00C04F79EFBC}") = "Taskly.Comments.Tests", "Taskly.Comments.Tests\Taskly.Comments.Tests.csproj", "{7197185D-9870-4B72-B510-5E6811F3E968}"
EndProject
Global
	GlobalSection(SolutionConfigurationPlatforms) = preSolution
		Debug|Any CPU = Debug|Any CPU
		Debug|x64 = Debug|x64
		Debug|x86 = Debug|x86
		Release|Any CPU = Release|Any CPU
		Release|x64 = Release|x64
		Release|x86 = Release|x86
	EndGlobalSection
	GlobalSection(SolutionProperties) = preSolution
		HideSolutionNode = FALSE
	EndGlobalSection
	GlobalSection(ProjectConfigurationPlatforms) = postSolution
		{CCF23932-124E-433E-8B57-B2423CDA21A2}.Debug|Any CPU.ActiveCfg = Debug|Any CPU
		{CCF23932-124E-433E-8B57-B2423CDA21A2}.Debug|Any CPU.Build.0 = Debug|Any CPU
		{CCF23932-124E-433E-8B57-B2423CDA21A2}.Debug|x64.ActiveCfg = Debug|Any CPU
		{CCF23932-124E-433E-8B57-B2423CDA21A2}.Debug|x64.Build.0 = Debug|Any CPU
		{CCF23932-124E-433E-8B57-B2423CDA21A2}.Debug|x86.ActiveCfg = Debug|Any CPU
		{CCF23932-124E-433E-8B57-B2423CDA21A2}.Debug|x86.Build.0 = Debug|Any CPU
		{CCF23932-124E-433E-8B57-B2423CDA21A2}.Release|Any CPU.ActiveCfg = Release|Any CPU
		{CCF23932-124E-433E-8B57-B2423CDA21A2}.Release|Any CPU.Build.0 = Release|Any CPU
		{CCF23932-124E-433E-8B57-B2423CDA21A2}.Release|x64.ActiveCfg = Release|Any CPU
		{CCF23932-124E-433E-8B57-B2423CDA21A2}.Release|x64.Build.0 = Release|Any CPU
		{CCF23932-124E-433E-8B57-B2423CDA21A2}.Release|x86.ActiveCfg = Release|Any CPU
		{CCF23932-124E-433E-8B57-B2423CDA21A2}.Release|x86.Build.0 = Release|Any CPU
		{88C40865-8049-4C00-9809-9D4CA2FCB86B}.Debug|Any CPU.ActiveCfg = Debug|Any CPU
		{88C40865-8049-4C00-9809-9D4CA2FCB86B}.Debug|Any CPU.Build.0 = Debug|Any CPU
		{88C40865-8049-4C00-9809-9D4CA2FCB86B}.Debug|x64.ActiveCfg = Debug|Any CPU
		{88C40865-8049-4C00-9809-9D4CA2FCB86B}.Debug|x64.Build.0 = Debug|Any CPU
		{88C40865-8049-4C00-9809-9D4CA2FCB86B}.Debug|x86.ActiveCfg = Debug|Any CPU
		{88C40865-8049-4C00-9809-9D4CA2FCB86B}.Debug|x86.Build.0 = Debug|Any CPU
		{88C40865-8049-4C00-9809-9D4CA2FCB86B}.Release|Any CPU.ActiveCfg = Release|Any CPU
		{88C40865-8049-4C00-9809-9D4CA2FCB86B}.Release|Any CPU.Build.0 = Release|Any CPU
		{88C40865-8049-4C00-9809-9D4CA2FCB86B}.Release|x64.ActiveCfg = Release|Any CPU
		{88C40865-8049-4C00-9809-9D4CA2FCB86B}.Release|x64.Build.0 = Release|Any CPU
		{88C40865-8049-4C00-9809-9D4CA2FCB86B}.Release|x86.ActiveCfg = Release|Any CPU
		{88C40865-8049-4C00-9809-9D4CA2FCB86B}.Release|x86.Build.0 = Release|Any CPU
		{04E7D2EA-E279-411C-A03D-6B773C086019}.Debug|Any CPU.ActiveCfg = Debug|Any CPU
		{04E7D2EA-E279-411C-A03D-6B773C086019}.Debug|Any CPU.Build.0 = Debug|Any CPU
		{04E7D2EA-E279-411C-A03D-6B773C086019}.Debug|x64.ActiveCfg = Debug|Any CPU
		{04E7D2EA-E279-411C-A03D-6B773C086019}.Debug|x64.Build.0 = Debug|Any CPU
		{04E7D2EA-E279-411C-A03D-6B773C086019}.Debug|x86.ActiveCfg = Debug|Any CPU
		{04E7D2EA-E279-411C-A03D-6B773C086019}.Debug|x86.Build.0 = Debug|Any CPU
		{04E7D2EA-E279-411C-A03D-6B773C086019}.Release|Any CPU.ActiveCfg = Release|Any CPU
		{04E7D2EA-E279-411C-A03D-6B773C086019}.Release|Any CPU.Build.0 = Release|Any CPU
		{04E7D2EA-E279-411C-A03D-6B773C086019}.Release|x64.ActiveCfg = Release|Any CPU
		{04E7D2EA-E279-411C-A03D-6B773C086019}.Release|x64.Build.0 = Release|Any CPU
		{04E7D2EA-E279-411C-A03D-6B773C086019}.Release|x86.ActiveCfg = Release|Any CPU
		{04E7D2EA-E279-411C-A03D-6B773C086019}.Release|x86.Build.0 = Release|Any CPU
		{7197185D-9870-4B72-B510-5E6811F3E968}.Debug|Any CPU.ActiveCfg = Debug|Any CPU
		{7197185D-9870-4B72-B510-5E6811F3E968}.Debug|Any CPU.Build.0 = Debug|Any CPU
		{7197185D-9870-4B72-B510-5E6811F3E968}.Debug|x64.ActiveCfg = Debug|Any CPU
		{7197185D-9870-4B72-B510-5E6811F3E968}.Debug|x64.Build.0 = Debug|Any CPU
		{7197185D-9870-4B72-B510-5E6811F3E968}.Debug|x86.ActiveCfg = Debug|Any CPU
		{7197185D-9870-4B72-B510-5E6811F3E968}.Debug|x86.Build.0 = Debug|Any CPU
		{7197185D-9870-4B72-B510-5E6811F3E968}.Release|Any CPU.ActiveCfg = Release|Any CPU
		{7197185D-9870-4B72-B510-5E6811F3E968}.Release|Any CPU.Build.0 = Release|Any CPU
		{7197185D-9870-4B72-B510-5E6811F3E968}.Release|x64.ActiveCfg = Release|Any CPU
		{7197185D-9870-4B72-B510-5E6811F3E968}.Release|x64.Build.0 = Release|Any CPU
		{7197185D-9870-4B72-B510-5E6811F3E968}.Release|x86.ActiveCfg = Release|Any CPU
		{7197185D-9870-4B72-B510-5E6811F3E968}.Release|x86.Build.0 = Release|Any CPU
	EndGlobalSection
EndGlobal
